{
    "_meta": {
        "hash": {
            "sha256": "f03ec48fecce64367cb8eae4e4f932b033c33c52106ba99b54244d4144e5b7b1"
        },
        "pipfile-spec": 6,
        "requires": {
            "python_version": "3.6"
        },
        "sources": [
            {
                "name": "pypi",
                "url": "https://pypi.org/simple",
                "verify_ssl": true
            }
        ]
    },
    "default": {
        "atomicwrites": {
            "hashes": [
                "sha256:81b2c9071a49367a7f770170e5eec8cb66567cfbbc8c73d20ce5ca4a8d71cf11"
            ],
            "version": "==1.4.1"
        },
        "attrs": {
            "hashes": [
                "sha256:29adc2665447e5191d0e7c568fde78b21f9672d344281d0c6e1ab085429b22b6",
                "sha256:86efa402f67bf2df34f51a335487cf46b1ec130d02b8d39fd248abfd30da551c"
            ],
            "markers": "python_version >= '3.5'",
            "version": "==22.1.0"
        },
        "bitarray": {
            "hashes": [
                "sha256:7da501356e48a83c61f479393681c1bc4b94e5a34ace7e08cb29e7dd9290ab18"
            ],
            "index": "pypi",
            "version": "==0.8.1"
        },
        "certifi": {
            "hashes": [
                "sha256:35824b4c3a97115964b408844d64aa14db1cc518f6562e8d7261699d1350a9e3",
                "sha256:4ad3232f5e926d6718ec31cfc1fcadfde020920e278684144551c91769c7bc18"
            ],
            "index": "pypi",
            "version": "==2022.12.7"
        },
        "hiredis": {
            "hashes": [
                "sha256:0124911115f2cb7deb4f8e221e109a53d3d718174b238a2c5e2162175a3929a5",
                "sha256:0656658d0448c2c82c4890ae933c2c2e51196101d3d06fc19cc92e062410c2fd",
                "sha256:09d284619f7142ddd7a4ffa94c12a0445e834737f4ce8739a737f2b1ca0f6142",
                "sha256:12299b7026e5dc22ed0ff603375c1bf583cf59adbb0e4d062df434e9140d72dd",
                "sha256:12fc6210f8dc3e9c8ce4b95e8f5db404b838dbdeb25bca41e33497de6d89334f",
                "sha256:197febe5e63c77f4ad19b36e15ed33152064dc606c8b7413c7a0ca3fd04672cc",
                "sha256:20e48289fbffb59a5ac7cc677fc02c2726c1da22488e5f7636b9feb9afde199f",
                "sha256:26bed296b92b88db02afe214aa1fefad7f9e8ba88a5a7c0e355b55c4b168d212",
                "sha256:321b19d2a21fd576111032fe7694d317de2c11b265ef775f2e3f22734a6b94c8",
                "sha256:32d5f2c461250f5fc7ccef647682651b1d9f69443f16c213d7fa5e183222b233",
                "sha256:36bfcc86715d109a5ef6edefd52b893de97d555cb5cb0e9cab83eb9665942ccc",
                "sha256:438ddfd1484e98110959dc4648c0ba22c3307c9c0ae7e2a856755067f9ce9cef",
                "sha256:66f17c1633b2fb967bf4165f7b3d369a1bdfe3537d3646cf9a7c208506c96c49",
                "sha256:94ab0fa3ac93ab36a5400c474439881d182b43fd38a2766d984470c57931ae88",
                "sha256:955f12da861f2608c181049f623bbb52851769e10639c4919cc586395b89813f",
                "sha256:b1fd831f96ce0f715e9356574f5184b840b59eb8901fc5f9124fedbe84ad2a59",
                "sha256:b3813c641494fca2eda66c32a2117816472a5a39b12f59f7887c6d17bdb8c77e",
                "sha256:bbc3ee8663024c82a1226a0d56ad882f42a2fd8c2999bf52d27bdd25f1320f4b",
                "sha256:bd12c2774b574f5b209196e25b03b5d62c7919bf69046bc7b955ebe84e0ec1fe",
                "sha256:c54d2b3d7a2206df35f3c1140ac20ca6faf7819ff92ea5be8bf4d1cbdb433216",
                "sha256:c7b0bcaf2353a2ad387dd8b5e1b5f55991adc3a7713ac3345a4ef0de58276690",
                "sha256:c9319a1503efb3b5a4ec13b2f8fae2c23610a645e999cb8954d330f0610b0f6d",
                "sha256:cbe5c0273224babe2ec77058643312d07aa5e8fed08901b3f7bccaa744c5728e",
                "sha256:cc884ea50185009d794b31314a144110efc76b71beb0a5827a8bff970ae6d248",
                "sha256:d1e2e751327781ad81df5a5a29d7c7b19ee0ebfbeddf037fd8df19ec1c06e18b",
                "sha256:d2ef58cece6cae4b354411df498350d836f10b814c8a890df0d8079aff30c518",
                "sha256:e97c953f08729900a5e740f1760305434d62db9f281ac351108d6c4b5bf51795",
                "sha256:fcdf2e10f56113e1cb4326dbca7bf7edbfdbd246cd6d7ec088688e5439129e2c"
            ],
            "index": "pypi",
            "version": "==1.0.0"
        },
        "importlib-metadata": {
            "hashes": [
                "sha256:d5059f9f1e8e41f80e9c56c2ee58811450c31984dfa625329ffd7c0dad88a73b",
                "sha256:d84d17e21670ec07990e1044a99efe8d615d860fd176fc29ef5c306068fda313"
            ],
            "markers": "python_version < '3.8'",
            "version": "==5.1.0"
        },
        "more-itertools": {
            "hashes": [
                "sha256:250e83d7e81d0c87ca6bd942e6aeab8cc9daa6096d12c5308f3f92fa5e5c1f41",
                "sha256:5a6257e40878ef0520b1803990e3e22303a41b5714006c32a3fd8304b26ea1ab"
            ],
            "markers": "python_version > '2.7'",
            "version": "==9.0.0"
        },
        "pluggy": {
            "hashes": [
                "sha256:4224373bacce55f955a878bf9cfa763c1e360858e330072059e10bad68531159",
                "sha256:74134bbf457f031a36d68416e1509f34bd5ccc019f0bcc952c7b909d06b37bd3"
            ],
            "markers": "python_version >= '3.6'",
            "version": "==1.0.0"
        },
        "py": {
            "hashes": [
                "sha256:51c75c4126074b472f746a24399ad32f6053d1b34b68d2fa41e558e6f4a98719",
                "sha256:607c53218732647dff4acdfcd50cb62615cedf612e72d1724fb1a0cc6405b378"
            ],
            "markers": "python_version >= '2.7' and python_version not in '3.0, 3.1, 3.2, 3.3, 3.4'",
            "version": "==1.11.0"
        },
        "pytest": {
            "hashes": [
                "sha256:592eaa2c33fae68c7d75aacf042efc9f77b27c08a6224a4f59beab8d9a420523",
                "sha256:ad3ad5c450284819ecde191a654c09b0ec72257a2c711b9633d677c71c9850c4"
            ],
            "index": "pypi",
            "version": "==4.3.1"
        },
        "redis": {
            "hashes": [
                "sha256:724932360d48e5407e8f82e405ab3650a36ed02c7e460d1e6fddf0f038422b54",
                "sha256:9b19425a38fd074eb5795ff2b0d9a55b46a44f91f5347995f27e3ad257a7d775"
            ],
            "index": "pypi",
            "version": "==3.2.0"
        },
        "setuptools": {
            "hashes": [
                "sha256:57f6f22bde4e042978bcd50176fdb381d7c21a9efa4041202288d3737a0c6a54",
                "sha256:a7620757bf984b58deaf32fc8a4577a9bbc0850cf92c20e1ce41c38c19e5fb75"
            ],
            "markers": "python_version >= '3.7'",
            "version": "==65.6.3"
        },
        "six": {
            "hashes": [
                "sha256:1e61c37477a1626458e36f7b1d82aa5c9b094fa4802892072e49de9c60c4c926",
                "sha256:8abb2f1d86890a2dfb989f9a77cfcfd3e47c2a354b01111771326f8aa26e0254"
            ],
            "markers": "python_version >= '2.7' and python_version not in '3.0, 3.1, 3.2, 3.3'",
            "version": "==1.16.0"
        },
        "typing-extensions": {
            "hashes": [
                "sha256:1511434bb92bf8dd198c12b1cc812e800d4181cfcb867674e0f8279cc93087aa",
                "sha256:16fa4864408f655d35ec496218b85f79b3437c829e93320c7c9215ccfd92489e"
            ],
            "markers": "python_version < '3.8'",
            "version": "==4.4.0"
        },
        "zipp": {
            "hashes": [
                "sha256:83a28fcb75844b5c0cdaf5aa4003c2d728c77e05f5aeabe8e95e56727005fbaa",
                "sha256:a7a22e05929290a67401440b39690ae6563279bced5f314609d9d03798f56766"
            ],
            "markers": "python_version >= '3.7'",
            "version": "==3.11.0"
        }
    },
    "develop": {}
}
